{
    "version": 3,
    "terraform_version": "0.11.8",
    "serial": 49,
    "lineage": "dbef415a-7c32-2365-e5a8-12a2cfdefc79",
    "modules": [
        {
            "path": [
                "root"
            ],
            "outputs": {},
            "resources": {
                "aws_elb.example-lb": {
                    "type": "aws_elb",
                    "depends_on": [
                        "aws_instance.example.*"
                    ],
                    "primary": {
                        "id": "example-lb",
                        "attributes": {
                            "access_logs.#": "0",
                            "arn": "arn:aws:elasticloadbalancing:us-east-1:917894928836:loadbalancer/example-lb",
                            "availability_zones.#": "1",
                            "availability_zones.3569565595": "us-east-1a",
                            "connection_draining": "false",
                            "connection_draining_timeout": "300",
                            "cross_zone_load_balancing": "true",
                            "dns_name": "example-lb-167556520.us-east-1.elb.amazonaws.com",
                            "health_check.#": "1",
                            "health_check.0.healthy_threshold": "2",
                            "health_check.0.interval": "10",
                            "health_check.0.target": "HTTP:80/index.html",
                            "health_check.0.timeout": "3",
                            "health_check.0.unhealthy_threshold": "2",
                            "id": "example-lb",
                            "idle_timeout": "60",
                            "instances.#": "1",
                            "instances.2574702879": "i-0ece8e6a52cebdd7b",
                            "internal": "false",
                            "listener.#": "1",
                            "listener.3057123346.instance_port": "80",
                            "listener.3057123346.instance_protocol": "http",
                            "listener.3057123346.lb_port": "80",
                            "listener.3057123346.lb_protocol": "http",
                            "listener.3057123346.ssl_certificate_id": "",
                            "name": "example-lb",
                            "security_groups.#": "1",
                            "security_groups.232425927": "sg-0589125a88154519e",
                            "source_security_group": "917894928836/webDMZ",
                            "source_security_group_id": "sg-0589125a88154519e",
                            "subnets.#": "1",
                            "subnets.4252181103": "subnet-5fe92c15",
                            "tags.%": "0",
                            "zone_id": "Z35SXDOTRQ7X7K"
                        },
                        "meta": {},
                        "tainted": false
                    },
                    "deposed": [],
                    "provider": "provider.aws"
                },
                "aws_instance.example": {
                    "type": "aws_instance",
                    "depends_on": [],
                    "primary": {
                        "id": "i-0ece8e6a52cebdd7b",
                        "attributes": {
                            "ami": "ami-0922553b7b0369273",
                            "arn": "arn:aws:ec2:us-east-1:917894928836:instance/i-0ece8e6a52cebdd7b",
                            "associate_public_ip_address": "true",
                            "availability_zone": "us-east-1a",
                            "cpu_core_count": "1",
                            "cpu_threads_per_core": "1",
                            "credit_specification.#": "1",
                            "credit_specification.0.cpu_credits": "standard",
                            "disable_api_termination": "false",
                            "ebs_block_device.#": "0",
                            "ebs_optimized": "false",
                            "ephemeral_block_device.#": "0",
                            "get_password_data": "false",
                            "iam_instance_profile": "",
                            "id": "i-0ece8e6a52cebdd7b",
                            "instance_state": "running",
                            "instance_type": "t2.micro",
                            "ipv6_addresses.#": "0",
                            "key_name": "",
                            "monitoring": "false",
                            "network_interface.#": "0",
                            "network_interface_id": "eni-0868445c9791c733d",
                            "password_data": "",
                            "placement_group": "",
                            "primary_network_interface_id": "eni-0868445c9791c733d",
                            "private_dns": "ip-172-31-22-50.ec2.internal",
                            "private_ip": "172.31.22.50",
                            "public_dns": "ec2-54-235-2-168.compute-1.amazonaws.com",
                            "public_ip": "54.235.2.168",
                            "root_block_device.#": "1",
                            "root_block_device.0.delete_on_termination": "true",
                            "root_block_device.0.iops": "100",
                            "root_block_device.0.volume_id": "vol-06e8c9e84a426dd17",
                            "root_block_device.0.volume_size": "8",
                            "root_block_device.0.volume_type": "gp2",
                            "security_groups.#": "1",
                            "security_groups.3739416529": "webDMZ",
                            "source_dest_check": "true",
                            "subnet_id": "subnet-5fe92c15",
                            "tags.%": "0",
                            "tenancy": "default",
                            "user_data": "e9ea058a01685e41ba9cf8885fbee0b72d15c94f",
                            "volume_tags.%": "0",
                            "vpc_security_group_ids.#": "1",
                            "vpc_security_group_ids.232425927": "sg-0589125a88154519e"
                        },
                        "meta": {
                            "e2bfb730-ecaa-11e6-8f88-34363bc7c4c0": {
                                "create": 600000000000,
                                "delete": 1200000000000,
                                "update": 600000000000
                            },
                            "schema_version": "1"
                        },
                        "tainted": false
                    },
                    "deposed": [],
                    "provider": "provider.aws"
                }
            },
            "depends_on": []
        },
        {
            "path": [
                "root",
                "cloudFront"
            ],
            "outputs": {},
            "resources": {
                "aws_s3_bucket.cf_bucket": {
                    "type": "aws_s3_bucket",
                    "depends_on": [],
                    "primary": {
                        "id": "plasak-bucket-cf",
                        "attributes": {
                            "acceleration_status": "",
                            "acl": "private",
                            "arn": "arn:aws:s3:::plasak-bucket-cf",
                            "bucket": "plasak-bucket-cf",
                            "bucket_domain_name": "plasak-bucket-cf.s3.amazonaws.com",
                            "bucket_regional_domain_name": "plasak-bucket-cf.s3.amazonaws.com",
                            "cors_rule.#": "0",
                            "force_destroy": "false",
                            "hosted_zone_id": "Z3AQBSTGFYJSTF",
                            "id": "plasak-bucket-cf",
                            "lifecycle_rule.#": "0",
                            "logging.#": "0",
                            "region": "us-east-1",
                            "replication_configuration.#": "0",
                            "request_payer": "BucketOwner",
                            "server_side_encryption_configuration.#": "0",
                            "tags.%": "1",
                            "tags.Name": "plasak-bucket-cf",
                            "versioning.#": "1",
                            "versioning.0.enabled": "false",
                            "versioning.0.mfa_delete": "false",
                            "website.#": "0"
                        },
                        "meta": {},
                        "tainted": false
                    },
                    "deposed": [],
                    "provider": "provider.aws"
                }
            },
            "depends_on": []
        }
    ]
}
